
Microsoft Visual Studio Solution File, Format Version 12.00
# Visual Studio Version 16
VisualStudioVersion = 16.0.31424.327
MinimumVisualStudioVersion = 10.0.40219.1
Project("{2150E333-8FDC-42A3-9474-1A3956D46DE8}") = "Library", "Library", "{627F5A93-F6C1-4AC7-BDA1-B3818AE2DE61}"
EndProject
Project("{2150E333-8FDC-42A3-9474-1A3956D46DE8}") = "WebAPI", "WebAPI", "{9CEF1E3D-0040-43EE-AD70-2CCE460CC951}"
EndProject
Project("{9A19103F-16F7-4668-BE54-9A1E7A4F7556}") = "API.BusinessLogic", "API.BusinessLogic\API.BusinessLogic.csproj", "{F36FA74C-C75C-4709-BAFA-6C13B752ECD0}"
EndProject
Project("{9A19103F-16F7-4668-BE54-9A1E7A4F7556}") = "API.Common", "API.Common\API.Common.csproj", "{FE75D829-3328-43DD-BE6A-7A5B5AB410A1}"
EndProject
Project("{9A19103F-16F7-4668-BE54-9A1E7A4F7556}") = "API.DataAnnotation", "API.DataAnnotation\API.DataAnnotation.csproj", "{8AA596A6-83F4-4A7C-833C-C0193A75E9F1}"
EndProject
Project("{9A19103F-16F7-4668-BE54-9A1E7A4F7556}") = "API.Repository", "API.Repository\API.Repository.csproj", "{CE0A9084-3007-4417-A166-15AD57C9CF8D}"
EndProject
Project("{9A19103F-16F7-4668-BE54-9A1E7A4F7556}") = "API.Web", "API.Web\API.Web.csproj", "{C46DE36B-1FBE-451E-B99E-9A4FE05065F7}"
EndProject
Project("{9A19103F-16F7-4668-BE54-9A1E7A4F7556}") = "API.Model", "API.Model\API.Model.csproj", "{2E4021FB-4F4B-4A25-92A1-BBDC447B18C3}"
EndProject
Global
	GlobalSection(SolutionConfigurationPlatforms) = preSolution
		Debug|Any CPU = Debug|Any CPU
		Release|Any CPU = Release|Any CPU
	EndGlobalSection
	GlobalSection(ProjectConfigurationPlatforms) = postSolution
		{F36FA74C-C75C-4709-BAFA-6C13B752ECD0}.Debug|Any CPU.ActiveCfg = Debug|Any CPU
		{F36FA74C-C75C-4709-BAFA-6C13B752ECD0}.Debug|Any CPU.Build.0 = Debug|Any CPU
		{F36FA74C-C75C-4709-BAFA-6C13B752ECD0}.Release|Any CPU.ActiveCfg = Release|Any CPU
		{F36FA74C-C75C-4709-BAFA-6C13B752ECD0}.Release|Any CPU.Build.0 = Release|Any CPU
		{FE75D829-3328-43DD-BE6A-7A5B5AB410A1}.Debug|Any CPU.ActiveCfg = Debug|Any CPU
		{FE75D829-3328-43DD-BE6A-7A5B5AB410A1}.Debug|Any CPU.Build.0 = Debug|Any CPU
		{FE75D829-3328-43DD-BE6A-7A5B5AB410A1}.Release|Any CPU.ActiveCfg = Release|Any CPU
		{FE75D829-3328-43DD-BE6A-7A5B5AB410A1}.Release|Any CPU.Build.0 = Release|Any CPU
		{8AA596A6-83F4-4A7C-833C-C0193A75E9F1}.Debug|Any CPU.ActiveCfg = Debug|Any CPU
		{8AA596A6-83F4-4A7C-833C-C0193A75E9F1}.Debug|Any CPU.Build.0 = Debug|Any CPU
		{8AA596A6-83F4-4A7C-833C-C0193A75E9F1}.Release|Any CPU.ActiveCfg = Release|Any CPU
		{8AA596A6-83F4-4A7C-833C-C0193A75E9F1}.Release|Any CPU.Build.0 = Release|Any CPU
		{CE0A9084-3007-4417-A166-15AD57C9CF8D}.Debug|Any CPU.ActiveCfg = Debug|Any CPU
		{CE0A9084-3007-4417-A166-15AD57C9CF8D}.Debug|Any CPU.Build.0 = Debug|Any CPU
		{CE0A9084-3007-4417-A166-15AD57C9CF8D}.Release|Any CPU.ActiveCfg = Release|Any CPU
		{CE0A9084-3007-4417-A166-15AD57C9CF8D}.Release|Any CPU.Build.0 = Release|Any CPU
		{C46DE36B-1FBE-451E-B99E-9A4FE05065F7}.Debug|Any CPU.ActiveCfg = Debug|Any CPU
		{C46DE36B-1FBE-451E-B99E-9A4FE05065F7}.Debug|Any CPU.Build.0 = Debug|Any CPU
		{C46DE36B-1FBE-451E-B99E-9A4FE05065F7}.Release|Any CPU.ActiveCfg = Release|Any CPU
		{C46DE36B-1FBE-451E-B99E-9A4FE05065F7}.Release|Any CPU.Build.0 = Release|Any CPU
		{2E4021FB-4F4B-4A25-92A1-BBDC447B18C3}.Debug|Any CPU.ActiveCfg = Debug|Any CPU
		{2E4021FB-4F4B-4A25-92A1-BBDC447B18C3}.Debug|Any CPU.Build.0 = Debug|Any CPU
		{2E4021FB-4F4B-4A25-92A1-BBDC447B18C3}.Release|Any CPU.ActiveCfg = Release|Any CPU
		{2E4021FB-4F4B-4A25-92A1-BBDC447B18C3}.Release|Any CPU.Build.0 = Release|Any CPU
	EndGlobalSection
	GlobalSection(SolutionProperties) = preSolution
		HideSolutionNode = FALSE
	EndGlobalSection
	GlobalSection(NestedProjects) = preSolution
		{F36FA74C-C75C-4709-BAFA-6C13B752ECD0} = {627F5A93-F6C1-4AC7-BDA1-B3818AE2DE61}
		{FE75D829-3328-43DD-BE6A-7A5B5AB410A1} = {627F5A93-F6C1-4AC7-BDA1-B3818AE2DE61}
		{8AA596A6-83F4-4A7C-833C-C0193A75E9F1} = {627F5A93-F6C1-4AC7-BDA1-B3818AE2DE61}
		{CE0A9084-3007-4417-A166-15AD57C9CF8D} = {627F5A93-F6C1-4AC7-BDA1-B3818AE2DE61}
		{C46DE36B-1FBE-451E-B99E-9A4FE05065F7} = {9CEF1E3D-0040-43EE-AD70-2CCE460CC951}
		{2E4021FB-4F4B-4A25-92A1-BBDC447B18C3} = {627F5A93-F6C1-4AC7-BDA1-B3818AE2DE61}
	EndGlobalSection
	GlobalSection(ExtensibilityGlobals) = postSolution
		SolutionGuid = {F3031B16-6405-4D89-A840-D9F1038B09A6}
	EndGlobalSection
EndGlobal
